// !$*UTF8*$!
{
	archiveVersion = 1;
	classes = {
	};
	objectVersion = 55;
	objects = {

/* Begin PBXBuildFile section */
		15A8390F7B3A805D0536A1E2 /* Pods_MyMovies_MyMoviesUITests.framework in Frameworks */ = {isa = PBXBuildFile; fileRef = EE57AAB834CE3407D5242C36 /* Pods_MyMovies_MyMoviesUITests.framework */; };
		8B5309F5C359A2560CD7ADF8 /* Pods_MyMovies.framework in Frameworks */ = {isa = PBXBuildFile; fileRef = C554D16B52A4A57DE5A49CAC /* Pods_MyMovies.framework */; };
		BC96BC1D298DF8530003EDD5 /* AppDelegate.swift in Sources */ = {isa = PBXBuildFile; fileRef = BC96BC1C298DF8530003EDD5 /* AppDelegate.swift */; };
		BC96BC21298DF8530003EDD5 /* ViewController.swift in Sources */ = {isa = PBXBuildFile; fileRef = BC96BC20298DF8530003EDD5 /* ViewController.swift */; };
		BC96BC24298DF8530003EDD5 /* Main.storyboard in Resources */ = {isa = PBXBuildFile; fileRef = BC96BC22298DF8530003EDD5 /* Main.storyboard */; };
		BC96BC27298DF8530003EDD5 /* MyMovies.xcdatamodeld in Sources */ = {isa = PBXBuildFile; fileRef = BC96BC25298DF8530003EDD5 /* MyMovies.xcdatamodeld */; };
		BC96BC29298DF8540003EDD5 /* Assets.xcassets in Resources */ = {isa = PBXBuildFile; fileRef = BC96BC28298DF8540003EDD5 /* Assets.xcassets */; };
		BC96BC2C298DF8540003EDD5 /* LaunchScreen.storyboard in Resources */ = {isa = PBXBuildFile; fileRef = BC96BC2A298DF8540003EDD5 /* LaunchScreen.storyboard */; };
		BC96BC37298DF8540003EDD5 /* MyMoviesTests.swift in Sources */ = {isa = PBXBuildFile; fileRef = BC96BC36298DF8540003EDD5 /* MyMoviesTests.swift */; };
		BC96BC41298DF8540003EDD5 /* MyMoviesUITests.swift in Sources */ = {isa = PBXBuildFile; fileRef = BC96BC40298DF8540003EDD5 /* MyMoviesUITests.swift */; };
		BC96BC43298DF8540003EDD5 /* MyMoviesUITestsLaunchTests.swift in Sources */ = {isa = PBXBuildFile; fileRef = BC96BC42298DF8540003EDD5 /* MyMoviesUITestsLaunchTests.swift */; };
		BC96BC58298DFF670003EDD5 /* GEHomeTabBarView.swift in Sources */ = {isa = PBXBuildFile; fileRef = BC96BC57298DFF670003EDD5 /* GEHomeTabBarView.swift */; };
		BC96BC5F298E00B30003EDD5 /* GENowPlayingMoviesViewController.swift in Sources */ = {isa = PBXBuildFile; fileRef = BC96BC5E298E00B30003EDD5 /* GENowPlayingMoviesViewController.swift */; };
		BC96BC61298E00D70003EDD5 /* GEPopularMoviesViewController.swift in Sources */ = {isa = PBXBuildFile; fileRef = BC96BC60298E00D70003EDD5 /* GEPopularMoviesViewController.swift */; };
		BC96BC63298E00FB0003EDD5 /* GETopRatedMoviesViewController.swift in Sources */ = {isa = PBXBuildFile; fileRef = BC96BC62298E00FB0003EDD5 /* GETopRatedMoviesViewController.swift */; };
		BC96BC65298E01200003EDD5 /* GEUpcomingMoviesViewController.swift in Sources */ = {isa = PBXBuildFile; fileRef = BC96BC64298E01200003EDD5 /* GEUpcomingMoviesViewController.swift */; };
		BCA73B61298E20B300A5F02B /* GEMoviesBaseViewController.swift in Sources */ = {isa = PBXBuildFile; fileRef = BCA73B60298E20B300A5F02B /* GEMoviesBaseViewController.swift */; };
		BCA73B64298E41CE00A5F02B /* GEMovieDetailsViewController.swift in Sources */ = {isa = PBXBuildFile; fileRef = BCA73B63298E41CE00A5F02B /* GEMovieDetailsViewController.swift */; };
		BCA73B68298E426F00A5F02B /* GEMoviesSerachViewController.swift in Sources */ = {isa = PBXBuildFile; fileRef = BCA73B67298E426F00A5F02B /* GEMoviesSerachViewController.swift */; };
		BCA73B6C298E4CFB00A5F02B /* GEFavoritesMoviesViewController.swift in Sources */ = {isa = PBXBuildFile; fileRef = BCA73B6B298E4CFB00A5F02B /* GEFavoritesMoviesViewController.swift */; };
		BCA73B71298E62B700A5F02B /* GENetworkWorker.swift in Sources */ = {isa = PBXBuildFile; fileRef = BCA73B70298E62B700A5F02B /* GENetworkWorker.swift */; };
		BCA73B73298E655E00A5F02B /* GENowPlayingMoviesViewModel.swift in Sources */ = {isa = PBXBuildFile; fileRef = BCA73B72298E655E00A5F02B /* GENowPlayingMoviesViewModel.swift */; };
		BCA73B75298E65ED00A5F02B /* GENetworkDataManager.swift in Sources */ = {isa = PBXBuildFile; fileRef = BCA73B74298E65ED00A5F02B /* GENetworkDataManager.swift */; };
		BCA73B77298E7DA000A5F02B /* GEDatabaseManager.swift in Sources */ = {isa = PBXBuildFile; fileRef = BCA73B76298E7DA000A5F02B /* GEDatabaseManager.swift */; };
		BCA73B79298E7FA000A5F02B /* GEGenreModel.swift in Sources */ = {isa = PBXBuildFile; fileRef = BCA73B78298E7FA000A5F02B /* GEGenreModel.swift */; };
		BCA73B7B298E818800A5F02B /* GEMovieModel.swift in Sources */ = {isa = PBXBuildFile; fileRef = BCA73B7A298E818800A5F02B /* GEMovieModel.swift */; };
		BCA73B7D298E989E00A5F02B /* GEDatabaseWorker.swift in Sources */ = {isa = PBXBuildFile; fileRef = BCA73B7C298E989E00A5F02B /* GEDatabaseWorker.swift */; };
		BCA73BA0298F321A00A5F02B /* Genre+CoreDataProperties.swift in Sources */ = {isa = PBXBuildFile; fileRef = BCA73B9A298F321A00A5F02B /* Genre+CoreDataProperties.swift */; };
		BCA73BA1298F321A00A5F02B /* MovieDetail+CoreDataClass.swift in Sources */ = {isa = PBXBuildFile; fileRef = BCA73B9B298F321A00A5F02B /* MovieDetail+CoreDataClass.swift */; };
		BCA73BA2298F321A00A5F02B /* Genre+CoreDataClass.swift in Sources */ = {isa = PBXBuildFile; fileRef = BCA73B9C298F321A00A5F02B /* Genre+CoreDataClass.swift */; };
		BCA73BA3298F321A00A5F02B /* MovieDetail+CoreDataProperties.swift in Sources */ = {isa = PBXBuildFile; fileRef = BCA73B9D298F321A00A5F02B /* MovieDetail+CoreDataProperties.swift */; };
		BCA73BA4298F321A00A5F02B /* Movie+CoreDataClass.swift in Sources */ = {isa = PBXBuildFile; fileRef = BCA73B9E298F321A00A5F02B /* Movie+CoreDataClass.swift */; };
		BCA73BA5298F321A00A5F02B /* Movie+CoreDataProperties.swift in Sources */ = {isa = PBXBuildFile; fileRef = BCA73B9F298F321A00A5F02B /* Movie+CoreDataProperties.swift */; };
		BCA73BA7298F4DEE00A5F02B /* CGMovieCollectionViewCell.swift in Sources */ = {isa = PBXBuildFile; fileRef = BCA73BA6298F4DEE00A5F02B /* CGMovieCollectionViewCell.swift */; };
		BCA73BA9298FCF4600A5F02B /* GEMovieBaseViewModel.swift in Sources */ = {isa = PBXBuildFile; fileRef = BCA73BA8298FCF4600A5F02B /* GEMovieBaseViewModel.swift */; };
		BCA73BAB298FD3E700A5F02B /* GEPopularMoviesViewModel.swift in Sources */ = {isa = PBXBuildFile; fileRef = BCA73BAA298FD3E700A5F02B /* GEPopularMoviesViewModel.swift */; };
		BCA73BAD298FD44000A5F02B /* GETopRatedMoviesViewModel.swift in Sources */ = {isa = PBXBuildFile; fileRef = BCA73BAC298FD44000A5F02B /* GETopRatedMoviesViewModel.swift */; };
		BCA73BAF298FD44C00A5F02B /* GEUpcomingMoviesViewModel.swift in Sources */ = {isa = PBXBuildFile; fileRef = BCA73BAE298FD44C00A5F02B /* GEUpcomingMoviesViewModel.swift */; };
		BCA73BB1298FD98600A5F02B /* GEMoviesSerachViewModel.swift in Sources */ = {isa = PBXBuildFile; fileRef = BCA73BB0298FD98600A5F02B /* GEMoviesSerachViewModel.swift */; };
		BCA73BB329908A2600A5F02B /* GEMovieInfoCell.swift in Sources */ = {isa = PBXBuildFile; fileRef = BCA73BB229908A2600A5F02B /* GEMovieInfoCell.swift */; };
		BCA73BB529908CE500A5F02B /* GEMoviePosterHeader.swift in Sources */ = {isa = PBXBuildFile; fileRef = BCA73BB429908CE500A5F02B /* GEMoviePosterHeader.swift */; };
		BCA73BB72990956900A5F02B /* GEMovieDetailsViewModel.swift in Sources */ = {isa = PBXBuildFile; fileRef = BCA73BB62990956900A5F02B /* GEMovieDetailsViewModel.swift */; };
		BCA73BB929909B0400A5F02B /* GEMovieDetailModel.swift in Sources */ = {isa = PBXBuildFile; fileRef = BCA73BB829909B0400A5F02B /* GEMovieDetailModel.swift */; };
		BCA73BBC2990DBB400A5F02B /* FavoriteMovies+CoreDataClass.swift in Sources */ = {isa = PBXBuildFile; fileRef = BCA73BBA2990DBB400A5F02B /* FavoriteMovies+CoreDataClass.swift */; };
		BCA73BBD2990DBB400A5F02B /* FavoriteMovies+CoreDataProperties.swift in Sources */ = {isa = PBXBuildFile; fileRef = BCA73BBB2990DBB400A5F02B /* FavoriteMovies+CoreDataProperties.swift */; };
		BCA73BBF2990E06E00A5F02B /* GEFavoritesMoviesViewModel.swift in Sources */ = {isa = PBXBuildFile; fileRef = BCA73BBE2990E06E00A5F02B /* GEFavoritesMoviesViewModel.swift */; };
		BCA73BC22990EF6E00A5F02B /* MovieCategory+CoreDataClass.swift in Sources */ = {isa = PBXBuildFile; fileRef = BCA73BC02990EF6E00A5F02B /* MovieCategory+CoreDataClass.swift */; };
		BCA73BC32990EF6E00A5F02B /* MovieCategory+CoreDataProperties.swift in Sources */ = {isa = PBXBuildFile; fileRef = BCA73BC12990EF6E00A5F02B /* MovieCategory+CoreDataProperties.swift */; };
		BCCDFEF22993C531003EDE9F /* GEProtocols.swift in Sources */ = {isa = PBXBuildFile; fileRef = BCCDFEF12993C531003EDE9F /* GEProtocols.swift */; };
		BCCDFEF52993CEED003EDE9F /* MyMoviesUtils.swift in Sources */ = {isa = PBXBuildFile; fileRef = BCCDFEF42993CEED003EDE9F /* MyMoviesUtils.swift */; };
		C23AC5AC33DF0DCA6FB92CFD /* Pods_MyMoviesTests.framework in Frameworks */ = {isa = PBXBuildFile; fileRef = AE90A0E01DFE58DC3044A673 /* Pods_MyMoviesTests.framework */; };
/* End PBXBuildFile section */

/* Begin PBXContainerItemProxy section */
		BC96BC33298DF8540003EDD5 /* PBXContainerItemProxy */ = {
			isa = PBXContainerItemProxy;
			containerPortal = BC96BC11298DF8530003EDD5 /* Project object */;
			proxyType = 1;
			remoteGlobalIDString = BC96BC18298DF8530003EDD5;
			remoteInfo = MyMovies;
		};
		BC96BC3D298DF8540003EDD5 /* PBXContainerItemProxy */ = {
			isa = PBXContainerItemProxy;
			containerPortal = BC96BC11298DF8530003EDD5 /* Project object */;
			proxyType = 1;
			remoteGlobalIDString = BC96BC18298DF8530003EDD5;
			remoteInfo = MyMovies;
		};
/* End PBXContainerItemProxy section */

/* Begin PBXFileReference section */
		187A1F05CD6758A31E51D40D /* Pods-MyMoviesTests.release.xcconfig */ = {isa = PBXFileReference; includeInIndex = 1; lastKnownFileType = text.xcconfig; name = "Pods-MyMoviesTests.release.xcconfig"; path = "Target Support Files/Pods-MyMoviesTests/Pods-MyMoviesTests.release.xcconfig"; sourceTree = "<group>"; };
		601988B7C34142F92048835E /* Pods-MyMoviesTests.debug.xcconfig */ = {isa = PBXFileReference; includeInIndex = 1; lastKnownFileType = text.xcconfig; name = "Pods-MyMoviesTests.debug.xcconfig"; path = "Target Support Files/Pods-MyMoviesTests/Pods-MyMoviesTests.debug.xcconfig"; sourceTree = "<group>"; };
		A3D36E20949ABE440CAB2ECC /* Pods-MyMovies.release.xcconfig */ = {isa = PBXFileReference; includeInIndex = 1; lastKnownFileType = text.xcconfig; name = "Pods-MyMovies.release.xcconfig"; path = "Target Support Files/Pods-MyMovies/Pods-MyMovies.release.xcconfig"; sourceTree = "<group>"; };
		AE90A0E01DFE58DC3044A673 /* Pods_MyMoviesTests.framework */ = {isa = PBXFileReference; explicitFileType = wrapper.framework; includeInIndex = 0; path = Pods_MyMoviesTests.framework; sourceTree = BUILT_PRODUCTS_DIR; };
		AEE634D42AB912032E86A73E /* Pods-MyMovies-MyMoviesUITests.debug.xcconfig */ = {isa = PBXFileReference; includeInIndex = 1; lastKnownFileType = text.xcconfig; name = "Pods-MyMovies-MyMoviesUITests.debug.xcconfig"; path = "Target Support Files/Pods-MyMovies-MyMoviesUITests/Pods-MyMovies-MyMoviesUITests.debug.xcconfig"; sourceTree = "<group>"; };
		BC96BC19298DF8530003EDD5 /* MyMovies.app */ = {isa = PBXFileReference; explicitFileType = wrapper.application; includeInIndex = 0; path = MyMovies.app; sourceTree = BUILT_PRODUCTS_DIR; };
		BC96BC1C298DF8530003EDD5 /* AppDelegate.swift */ = {isa = PBXFileReference; lastKnownFileType = sourcecode.swift; path = AppDelegate.swift; sourceTree = "<group>"; };
		BC96BC20298DF8530003EDD5 /* ViewController.swift */ = {isa = PBXFileReference; lastKnownFileType = sourcecode.swift; path = ViewController.swift; sourceTree = "<group>"; };
		BC96BC23298DF8530003EDD5 /* Base */ = {isa = PBXFileReference; lastKnownFileType = file.storyboard; name = Base; path = Base.lproj/Main.storyboard; sourceTree = "<group>"; };
		BC96BC26298DF8530003EDD5 /* MyMovies.xcdatamodel */ = {isa = PBXFileReference; lastKnownFileType = wrapper.xcdatamodel; path = MyMovies.xcdatamodel; sourceTree = "<group>"; };
		BC96BC28298DF8540003EDD5 /* Assets.xcassets */ = {isa = PBXFileReference; lastKnownFileType = folder.assetcatalog; path = Assets.xcassets; sourceTree = "<group>"; };
		BC96BC2B298DF8540003EDD5 /* Base */ = {isa = PBXFileReference; lastKnownFileType = file.storyboard; name = Base; path = Base.lproj/LaunchScreen.storyboard; sourceTree = "<group>"; };
		BC96BC2D298DF8540003EDD5 /* Info.plist */ = {isa = PBXFileReference; lastKnownFileType = text.plist.xml; path = Info.plist; sourceTree = "<group>"; };
		BC96BC32298DF8540003EDD5 /* MyMoviesTests.xctest */ = {isa = PBXFileReference; explicitFileType = wrapper.cfbundle; includeInIndex = 0; path = MyMoviesTests.xctest; sourceTree = BUILT_PRODUCTS_DIR; };
		BC96BC36298DF8540003EDD5 /* MyMoviesTests.swift */ = {isa = PBXFileReference; lastKnownFileType = sourcecode.swift; path = MyMoviesTests.swift; sourceTree = "<group>"; };
		BC96BC3C298DF8540003EDD5 /* MyMoviesUITests.xctest */ = {isa = PBXFileReference; explicitFileType = wrapper.cfbundle; includeInIndex = 0; path = MyMoviesUITests.xctest; sourceTree = BUILT_PRODUCTS_DIR; };
		BC96BC40298DF8540003EDD5 /* MyMoviesUITests.swift */ = {isa = PBXFileReference; lastKnownFileType = sourcecode.swift; path = MyMoviesUITests.swift; sourceTree = "<group>"; };
		BC96BC42298DF8540003EDD5 /* MyMoviesUITestsLaunchTests.swift */ = {isa = PBXFileReference; lastKnownFileType = sourcecode.swift; path = MyMoviesUITestsLaunchTests.swift; sourceTree = "<group>"; };
		BC96BC57298DFF670003EDD5 /* GEHomeTabBarView.swift */ = {isa = PBXFileReference; lastKnownFileType = sourcecode.swift; path = GEHomeTabBarView.swift; sourceTree = "<group>"; };
		BC96BC5E298E00B30003EDD5 /* GENowPlayingMoviesViewController.swift */ = {isa = PBXFileReference; lastKnownFileType = sourcecode.swift; path = GENowPlayingMoviesViewController.swift; sourceTree = "<group>"; };
		BC96BC60298E00D70003EDD5 /* GEPopularMoviesViewController.swift */ = {isa = PBXFileReference; lastKnownFileType = sourcecode.swift; path = GEPopularMoviesViewController.swift; sourceTree = "<group>"; };
		BC96BC62298E00FB0003EDD5 /* GETopRatedMoviesViewController.swift */ = {isa = PBXFileReference; lastKnownFileType = sourcecode.swift; path = GETopRatedMoviesViewController.swift; sourceTree = "<group>"; };
		BC96BC64298E01200003EDD5 /* GEUpcomingMoviesViewController.swift */ = {isa = PBXFileReference; lastKnownFileType = sourcecode.swift; path = GEUpcomingMoviesViewController.swift; sourceTree = "<group>"; };
		BCA73B60298E20B300A5F02B /* GEMoviesBaseViewController.swift */ = {isa = PBXFileReference; lastKnownFileType = sourcecode.swift; path = GEMoviesBaseViewController.swift; sourceTree = "<group>"; };
		BCA73B63298E41CE00A5F02B /* GEMovieDetailsViewController.swift */ = {isa = PBXFileReference; lastKnownFileType = sourcecode.swift; path = GEMovieDetailsViewController.swift; sourceTree = "<group>"; };
		BCA73B67298E426F00A5F02B /* GEMoviesSerachViewController.swift */ = {isa = PBXFileReference; lastKnownFileType = sourcecode.swift; path = GEMoviesSerachViewController.swift; sourceTree = "<group>"; };
		BCA73B6B298E4CFB00A5F02B /* GEFavoritesMoviesViewController.swift */ = {isa = PBXFileReference; lastKnownFileType = sourcecode.swift; path = GEFavoritesMoviesViewController.swift; sourceTree = "<group>"; };
		BCA73B70298E62B700A5F02B /* GENetworkWorker.swift */ = {isa = PBXFileReference; lastKnownFileType = sourcecode.swift; path = GENetworkWorker.swift; sourceTree = "<group>"; };
		BCA73B72298E655E00A5F02B /* GENowPlayingMoviesViewModel.swift */ = {isa = PBXFileReference; lastKnownFileType = sourcecode.swift; path = GENowPlayingMoviesViewModel.swift; sourceTree = "<group>"; };
		BCA73B74298E65ED00A5F02B /* GENetworkDataManager.swift */ = {isa = PBXFileReference; lastKnownFileType = sourcecode.swift; path = GENetworkDataManager.swift; sourceTree = "<group>"; };
		BCA73B76298E7DA000A5F02B /* GEDatabaseManager.swift */ = {isa = PBXFileReference; lastKnownFileType = sourcecode.swift; path = GEDatabaseManager.swift; sourceTree = "<group>"; };
		BCA73B78298E7FA000A5F02B /* GEGenreModel.swift */ = {isa = PBXFileReference; lastKnownFileType = sourcecode.swift; name = GEGenreModel.swift; path = Models/GEGenreModel.swift; sourceTree = "<group>"; };
		BCA73B7A298E818800A5F02B /* GEMovieModel.swift */ = {isa = PBXFileReference; lastKnownFileType = sourcecode.swift; path = GEMovieModel.swift; sourceTree = "<group>"; };
		BCA73B7C298E989E00A5F02B /* GEDatabaseWorker.swift */ = {isa = PBXFileReference; lastKnownFileType = sourcecode.swift; path = GEDatabaseWorker.swift; sourceTree = "<group>"; };
		BCA73B9A298F321A00A5F02B /* Genre+CoreDataProperties.swift */ = {isa = PBXFileReference; fileEncoding = 4; lastKnownFileType = sourcecode.swift; path = "Genre+CoreDataProperties.swift"; sourceTree = "<group>"; };
		BCA73B9B298F321A00A5F02B /* MovieDetail+CoreDataClass.swift */ = {isa = PBXFileReference; fileEncoding = 4; lastKnownFileType = sourcecode.swift; path = "MovieDetail+CoreDataClass.swift"; sourceTree = "<group>"; };
		BCA73B9C298F321A00A5F02B /* Genre+CoreDataClass.swift */ = {isa = PBXFileReference; fileEncoding = 4; lastKnownFileType = sourcecode.swift; path = "Genre+CoreDataClass.swift"; sourceTree = "<group>"; };
		BCA73B9D298F321A00A5F02B /* MovieDetail+CoreDataProperties.swift */ = {isa = PBXFileReference; fileEncoding = 4; lastKnownFileType = sourcecode.swift; path = "MovieDetail+CoreDataProperties.swift"; sourceTree = "<group>"; };
		BCA73B9E298F321A00A5F02B /* Movie+CoreDataClass.swift */ = {isa = PBXFileReference; fileEncoding = 4; lastKnownFileType = sourcecode.swift; path = "Movie+CoreDataClass.swift"; sourceTree = "<group>"; };
		BCA73B9F298F321A00A5F02B /* Movie+CoreDataProperties.swift */ = {isa = PBXFileReference; fileEncoding = 4; lastKnownFileType = sourcecode.swift; path = "Movie+CoreDataProperties.swift"; sourceTree = "<group>"; };
		BCA73BA6298F4DEE00A5F02B /* CGMovieCollectionViewCell.swift */ = {isa = PBXFileReference; lastKnownFileType = sourcecode.swift; path = CGMovieCollectionViewCell.swift; sourceTree = "<group>"; };
		BCA73BA8298FCF4600A5F02B /* GEMovieBaseViewModel.swift */ = {isa = PBXFileReference; lastKnownFileType = sourcecode.swift; path = GEMovieBaseViewModel.swift; sourceTree = "<group>"; };
		BCA73BAA298FD3E700A5F02B /* GEPopularMoviesViewModel.swift */ = {isa = PBXFileReference; lastKnownFileType = sourcecode.swift; path = GEPopularMoviesViewModel.swift; sourceTree = "<group>"; };
		BCA73BAC298FD44000A5F02B /* GETopRatedMoviesViewModel.swift */ = {isa = PBXFileReference; lastKnownFileType = sourcecode.swift; path = GETopRatedMoviesViewModel.swift; sourceTree = "<group>"; };
		BCA73BAE298FD44C00A5F02B /* GEUpcomingMoviesViewModel.swift */ = {isa = PBXFileReference; lastKnownFileType = sourcecode.swift; path = GEUpcomingMoviesViewModel.swift; sourceTree = "<group>"; };
		BCA73BB0298FD98600A5F02B /* GEMoviesSerachViewModel.swift */ = {isa = PBXFileReference; lastKnownFileType = sourcecode.swift; path = GEMoviesSerachViewModel.swift; sourceTree = "<group>"; };
		BCA73BB229908A2600A5F02B /* GEMovieInfoCell.swift */ = {isa = PBXFileReference; lastKnownFileType = sourcecode.swift; path = GEMovieInfoCell.swift; sourceTree = "<group>"; };
		BCA73BB429908CE500A5F02B /* GEMoviePosterHeader.swift */ = {isa = PBXFileReference; lastKnownFileType = sourcecode.swift; path = GEMoviePosterHeader.swift; sourceTree = "<group>"; };
		BCA73BB62990956900A5F02B /* GEMovieDetailsViewModel.swift */ = {isa = PBXFileReference; lastKnownFileType = sourcecode.swift; path = GEMovieDetailsViewModel.swift; sourceTree = "<group>"; };
		BCA73BB829909B0400A5F02B /* GEMovieDetailModel.swift */ = {isa = PBXFileReference; lastKnownFileType = sourcecode.swift; path = GEMovieDetailModel.swift; sourceTree = "<group>"; };
		BCA73BBA2990DBB400A5F02B /* FavoriteMovies+CoreDataClass.swift */ = {isa = PBXFileReference; fileEncoding = 4; lastKnownFileType = sourcecode.swift; path = "FavoriteMovies+CoreDataClass.swift"; sourceTree = "<group>"; };
		BCA73BBB2990DBB400A5F02B /* FavoriteMovies+CoreDataProperties.swift */ = {isa = PBXFileReference; fileEncoding = 4; lastKnownFileType = sourcecode.swift; path = "FavoriteMovies+CoreDataProperties.swift"; sourceTree = "<group>"; };
		BCA73BBE2990E06E00A5F02B /* GEFavoritesMoviesViewModel.swift */ = {isa = PBXFileReference; lastKnownFileType = sourcecode.swift; path = GEFavoritesMoviesViewModel.swift; sourceTree = "<group>"; };
		BCA73BC02990EF6E00A5F02B /* MovieCategory+CoreDataClass.swift */ = {isa = PBXFileReference; fileEncoding = 4; lastKnownFileType = sourcecode.swift; path = "MovieCategory+CoreDataClass.swift"; sourceTree = "<group>"; };
		BCA73BC12990EF6E00A5F02B /* MovieCategory+CoreDataProperties.swift */ = {isa = PBXFileReference; fileEncoding = 4; lastKnownFileType = sourcecode.swift; path = "MovieCategory+CoreDataProperties.swift"; sourceTree = "<group>"; };
		BCCDFEF12993C531003EDE9F /* GEProtocols.swift */ = {isa = PBXFileReference; fileEncoding = 4; lastKnownFileType = sourcecode.swift; path = GEProtocols.swift; sourceTree = "<group>"; };
		BCCDFEF42993CEED003EDE9F /* MyMoviesUtils.swift */ = {isa = PBXFileReference; lastKnownFileType = sourcecode.swift; path = MyMoviesUtils.swift; sourceTree = "<group>"; };
		BD75B34E4581D07A0F481E90 /* Pods-MyMovies-MyMoviesUITests.release.xcconfig */ = {isa = PBXFileReference; includeInIndex = 1; lastKnownFileType = text.xcconfig; name = "Pods-MyMovies-MyMoviesUITests.release.xcconfig"; path = "Target Support Files/Pods-MyMovies-MyMoviesUITests/Pods-MyMovies-MyMoviesUITests.release.xcconfig"; sourceTree = "<group>"; };
		C554D16B52A4A57DE5A49CAC /* Pods_MyMovies.framework */ = {isa = PBXFileReference; explicitFileType = wrapper.framework; includeInIndex = 0; path = Pods_MyMovies.framework; sourceTree = BUILT_PRODUCTS_DIR; };
		D4C2CB22DB0BA2A34E9318AC /* Pods-MyMovies.debug.xcconfig */ = {isa = PBXFileReference; includeInIndex = 1; lastKnownFileType = text.xcconfig; name = "Pods-MyMovies.debug.xcconfig"; path = "Target Support Files/Pods-MyMovies/Pods-MyMovies.debug.xcconfig"; sourceTree = "<group>"; };
		EE57AAB834CE3407D5242C36 /* Pods_MyMovies_MyMoviesUITests.framework */ = {isa = PBXFileReference; explicitFileType = wrapper.framework; includeInIndex = 0; path = Pods_MyMovies_MyMoviesUITests.framework; sourceTree = BUILT_PRODUCTS_DIR; };
/* End PBXFileReference section */

/* Begin PBXFrameworksBuildPhase section */
		BC96BC16298DF8530003EDD5 /* Frameworks */ = {
			isa = PBXFrameworksBuildPhase;
			buildActionMask = 2147483647;
			files = (
				8B5309F5C359A2560CD7ADF8 /* Pods_MyMovies.framework in Frameworks */,
			);
			runOnlyForDeploymentPostprocessing = 0;
		};
		BC96BC2F298DF8540003EDD5 /* Frameworks */ = {
			isa = PBXFrameworksBuildPhase;
			buildActionMask = 2147483647;
			files = (
				C23AC5AC33DF0DCA6FB92CFD /* Pods_MyMoviesTests.framework in Frameworks */,
			);
			runOnlyForDeploymentPostprocessing = 0;
		};
		BC96BC39298DF8540003EDD5 /* Frameworks */ = {
			isa = PBXFrameworksBuildPhase;
			buildActionMask = 2147483647;
			files = (
				15A8390F7B3A805D0536A1E2 /* Pods_MyMovies_MyMoviesUITests.framework in Frameworks */,
			);
			runOnlyForDeploymentPostprocessing = 0;
		};
/* End PBXFrameworksBuildPhase section */

/* Begin PBXGroup section */
		BAD6CB58E08FBAD155490CBD /* Pods */ = {
			isa = PBXGroup;
			children = (
				D4C2CB22DB0BA2A34E9318AC /* Pods-MyMovies.debug.xcconfig */,
				A3D36E20949ABE440CAB2ECC /* Pods-MyMovies.release.xcconfig */,
				AEE634D42AB912032E86A73E /* Pods-MyMovies-MyMoviesUITests.debug.xcconfig */,
				BD75B34E4581D07A0F481E90 /* Pods-MyMovies-MyMoviesUITests.release.xcconfig */,
				601988B7C34142F92048835E /* Pods-MyMoviesTests.debug.xcconfig */,
				187A1F05CD6758A31E51D40D /* Pods-MyMoviesTests.release.xcconfig */,
			);
			path = Pods;
			sourceTree = "<group>";
		};
		BC96BC10298DF8520003EDD5 = {
			isa = PBXGroup;
			children = (
				BC96BC1B298DF8530003EDD5 /* MyMovies */,
				BC96BC35298DF8540003EDD5 /* MyMoviesTests */,
				BC96BC3F298DF8540003EDD5 /* MyMoviesUITests */,
				BC96BC1A298DF8530003EDD5 /* Products */,
				BAD6CB58E08FBAD155490CBD /* Pods */,
				CDA601547FB4A27C294F6FAC /* Frameworks */,
			);
			sourceTree = "<group>";
		};
		BC96BC1A298DF8530003EDD5 /* Products */ = {
			isa = PBXGroup;
			children = (
				BC96BC19298DF8530003EDD5 /* MyMovies.app */,
				BC96BC32298DF8540003EDD5 /* MyMoviesTests.xctest */,
				BC96BC3C298DF8540003EDD5 /* MyMoviesUITests.xctest */,
			);
			name = Products;
			sourceTree = "<group>";
		};
		BC96BC1B298DF8530003EDD5 /* MyMovies */ = {
			isa = PBXGroup;
			children = (
				BC96BC55298DFAD20003EDD5 /* Scenes */,
				BC96BC52298DFA4F0003EDD5 /* Model */,
				BC96BC50298DFA1F0003EDD5 /* Views */,
				BC96BC4F298DF9FA0003EDD5 /* AppDelegate */,
				BC96BC51298DFA410003EDD5 /* Resources */,
				BCA73B6E298E61C200A5F02B /* Networking */,
				BCCDFEF32993CEDD003EDE9F /* Utils */,
				BCCDFEF02993C501003EDE9F /* Protocol */,
				BC96BC20298DF8530003EDD5 /* ViewController.swift */,
				BC96BC2D298DF8540003EDD5 /* Info.plist */,
			);
			path = MyMovies;
			sourceTree = "<group>";
		};
		BC96BC35298DF8540003EDD5 /* MyMoviesTests */ = {
			isa = PBXGroup;
			children = (
				BC96BC36298DF8540003EDD5 /* MyMoviesTests.swift */,
			);
			path = MyMoviesTests;
			sourceTree = "<group>";
		};
		BC96BC3F298DF8540003EDD5 /* MyMoviesUITests */ = {
			isa = PBXGroup;
			children = (
				BC96BC40298DF8540003EDD5 /* MyMoviesUITests.swift */,
				BC96BC42298DF8540003EDD5 /* MyMoviesUITestsLaunchTests.swift */,
			);
			path = MyMoviesUITests;
			sourceTree = "<group>";
		};
		BC96BC4F298DF9FA0003EDD5 /* AppDelegate */ = {
			isa = PBXGroup;
			children = (
				BC96BC1C298DF8530003EDD5 /* AppDelegate.swift */,
			);
			path = AppDelegate;
			sourceTree = "<group>";
		};
		BC96BC50298DFA1F0003EDD5 /* Views */ = {
			isa = PBXGroup;
			children = (
				BC96BC22298DF8530003EDD5 /* Main.storyboard */,
				BC96BC2A298DF8540003EDD5 /* LaunchScreen.storyboard */,
				BCA73BA6298F4DEE00A5F02B /* CGMovieCollectionViewCell.swift */,
			);
			path = Views;
			sourceTree = "<group>";
		};
		BC96BC51298DFA410003EDD5 /* Resources */ = {
			isa = PBXGroup;
			children = (
				BC96BC28298DF8540003EDD5 /* Assets.xcassets */,
			);
			path = Resources;
			sourceTree = "<group>";
		};
		BC96BC52298DFA4F0003EDD5 /* Model */ = {
			isa = PBXGroup;
			children = (
				BCA73B6F298E61F800A5F02B /* DB Handler */,
				BC96BC53298DFA570003EDD5 /* DB */,
				BCA73B78298E7FA000A5F02B /* GEGenreModel.swift */,
				BCA73B7A298E818800A5F02B /* GEMovieModel.swift */,
				BCA73BB829909B0400A5F02B /* GEMovieDetailModel.swift */,
			);
			path = Model;
			sourceTree = "<group>";
		};
		BC96BC53298DFA570003EDD5 /* DB */ = {
			isa = PBXGroup;
			children = (
				BCA73BC02990EF6E00A5F02B /* MovieCategory+CoreDataClass.swift */,
				BCA73BC12990EF6E00A5F02B /* MovieCategory+CoreDataProperties.swift */,
				BCA73BBA2990DBB400A5F02B /* FavoriteMovies+CoreDataClass.swift */,
				BCA73BBB2990DBB400A5F02B /* FavoriteMovies+CoreDataProperties.swift */,
				BCA73B9C298F321A00A5F02B /* Genre+CoreDataClass.swift */,
				BCA73B9A298F321A00A5F02B /* Genre+CoreDataProperties.swift */,
				BCA73B9E298F321A00A5F02B /* Movie+CoreDataClass.swift */,
				BCA73B9F298F321A00A5F02B /* Movie+CoreDataProperties.swift */,
				BCA73B9B298F321A00A5F02B /* MovieDetail+CoreDataClass.swift */,
				BCA73B9D298F321A00A5F02B /* MovieDetail+CoreDataProperties.swift */,
				BC96BC25298DF8530003EDD5 /* MyMovies.xcdatamodeld */,
			);
			path = DB;
			sourceTree = "<group>";
		};
		BC96BC55298DFAD20003EDD5 /* Scenes */ = {
			isa = PBXGroup;
			children = (
				BCA73B5F298E198E00A5F02B /* MoviesBase */,
				BC96BC56298DFADF0003EDD5 /* HomeTabBar */,
				BC96BC59298E00250003EDD5 /* Now Playing */,
				BC96BC5B298E00610003EDD5 /* Popular */,
				BC96BC5C298E00690003EDD5 /* Top Rated */,
				BC96BC5D298E00730003EDD5 /* Upcoming */,
				BCA73B65298E424400A5F02B /* MoviesSearch */,
				BCA73B62298E419F00A5F02B /* MovieDetails */,
				BCA73B6D298E4D0800A5F02B /* FavoritesMovies */,
			);
			path = Scenes;
			sourceTree = "<group>";
		};
		BC96BC56298DFADF0003EDD5 /* HomeTabBar */ = {
			isa = PBXGroup;
			children = (
				BC96BC57298DFF670003EDD5 /* GEHomeTabBarView.swift */,
			);
			path = HomeTabBar;
			sourceTree = "<group>";
		};
		BC96BC59298E00250003EDD5 /* Now Playing */ = {
			isa = PBXGroup;
			children = (
				BC96BC5E298E00B30003EDD5 /* GENowPlayingMoviesViewController.swift */,
				BCA73B72298E655E00A5F02B /* GENowPlayingMoviesViewModel.swift */,
			);
			path = "Now Playing";
			sourceTree = "<group>";
		};
		BC96BC5B298E00610003EDD5 /* Popular */ = {
			isa = PBXGroup;
			children = (
				BC96BC60298E00D70003EDD5 /* GEPopularMoviesViewController.swift */,
				BCA73BAA298FD3E700A5F02B /* GEPopularMoviesViewModel.swift */,
			);
			path = Popular;
			sourceTree = "<group>";
		};
		BC96BC5C298E00690003EDD5 /* Top Rated */ = {
			isa = PBXGroup;
			children = (
				BC96BC62298E00FB0003EDD5 /* GETopRatedMoviesViewController.swift */,
				BCA73BAC298FD44000A5F02B /* GETopRatedMoviesViewModel.swift */,
			);
			path = "Top Rated";
			sourceTree = "<group>";
		};
		BC96BC5D298E00730003EDD5 /* Upcoming */ = {
			isa = PBXGroup;
			children = (
				BC96BC64298E01200003EDD5 /* GEUpcomingMoviesViewController.swift */,
				BCA73BAE298FD44C00A5F02B /* GEUpcomingMoviesViewModel.swift */,
			);
			path = Upcoming;
			sourceTree = "<group>";
		};
		BCA73B5F298E198E00A5F02B /* MoviesBase */ = {
			isa = PBXGroup;
			children = (
				BCA73B60298E20B300A5F02B /* GEMoviesBaseViewController.swift */,
				BCA73BA8298FCF4600A5F02B /* GEMovieBaseViewModel.swift */,
			);
			path = MoviesBase;
			sourceTree = "<group>";
		};
		BCA73B62298E419F00A5F02B /* MovieDetails */ = {
			isa = PBXGroup;
			children = (
				BCA73B63298E41CE00A5F02B /* GEMovieDetailsViewController.swift */,
				BCA73BB62990956900A5F02B /* GEMovieDetailsViewModel.swift */,
				BCA73BB229908A2600A5F02B /* GEMovieInfoCell.swift */,
				BCA73BB429908CE500A5F02B /* GEMoviePosterHeader.swift */,
			);
			path = MovieDetails;
			sourceTree = "<group>";
		};
		BCA73B65298E424400A5F02B /* MoviesSearch */ = {
			isa = PBXGroup;
			children = (
				BCA73B67298E426F00A5F02B /* GEMoviesSerachViewController.swift */,
				BCA73BB0298FD98600A5F02B /* GEMoviesSerachViewModel.swift */,
			);
			path = MoviesSearch;
			sourceTree = "<group>";
		};
		BCA73B6D298E4D0800A5F02B /* FavoritesMovies */ = {
			isa = PBXGroup;
			children = (
				BCA73B6B298E4CFB00A5F02B /* GEFavoritesMoviesViewController.swift */,
				BCA73BBE2990E06E00A5F02B /* GEFavoritesMoviesViewModel.swift */,
			);
			path = FavoritesMovies;
			sourceTree = "<group>";
		};
		BCA73B6E298E61C200A5F02B /* Networking */ = {
			isa = PBXGroup;
			children = (
				BCA73B74298E65ED00A5F02B /* GENetworkDataManager.swift */,
				BCA73B70298E62B700A5F02B /* GENetworkWorker.swift */,
			);
			path = Networking;
			sourceTree = "<group>";
		};
		BCA73B6F298E61F800A5F02B /* DB Handler */ = {
			isa = PBXGroup;
			children = (
				BCA73B76298E7DA000A5F02B /* GEDatabaseManager.swift */,
				BCA73B7C298E989E00A5F02B /* GEDatabaseWorker.swift */,
			);
			path = "DB Handler";
			sourceTree = "<group>";
		};
		BCCDFEF02993C501003EDE9F /* Protocol */ = {
			isa = PBXGroup;
			children = (
				BCCDFEF12993C531003EDE9F /* GEProtocols.swift */,
			);
			path = Protocol;
			sourceTree = "<group>";
		};
		BCCDFEF32993CEDD003EDE9F /* Utils */ = {
			isa = PBXGroup;
			children = (
				BCCDFEF42993CEED003EDE9F /* MyMoviesUtils.swift */,
			);
			path = Utils;
			sourceTree = "<group>";
		};
		CDA601547FB4A27C294F6FAC /* Frameworks */ = {
			isa = PBXGroup;
			children = (
				C554D16B52A4A57DE5A49CAC /* Pods_MyMovies.framework */,
				EE57AAB834CE3407D5242C36 /* Pods_MyMovies_MyMoviesUITests.framework */,
				AE90A0E01DFE58DC3044A673 /* Pods_MyMoviesTests.framework */,
			);
			name = Frameworks;
			sourceTree = "<group>";
		};
/* End PBXGroup section */

/* Begin PBXNativeTarget section */
		BC96BC18298DF8530003EDD5 /* MyMovies */ = {
			isa = PBXNativeTarget;
			buildConfigurationList = BC96BC46298DF8540003EDD5 /* Build configuration list for PBXNativeTarget "MyMovies" */;
			buildPhases = (
				197A3D97A76159B16A3B684D /* [CP] Check Pods Manifest.lock */,
				BC96BC15298DF8530003EDD5 /* Sources */,
				BC96BC16298DF8530003EDD5 /* Frameworks */,
				BC96BC17298DF8530003EDD5 /* Resources */,
				3E90D3B4169C74E3AFC81343 /* [CP] Embed Pods Frameworks */,
			);
			buildRules = (
			);
			dependencies = (
			);
			name = MyMovies;
			productName = MyMovies;
			productReference = BC96BC19298DF8530003EDD5 /* MyMovies.app */;
			productType = "com.apple.product-type.application";
		};
		BC96BC31298DF8540003EDD5 /* MyMoviesTests */ = {
			isa = PBXNativeTarget;
			buildConfigurationList = BC96BC49298DF8540003EDD5 /* Build configuration list for PBXNativeTarget "MyMoviesTests" */;
			buildPhases = (
				626E9F05B50F4BB82F69E3A4 /* [CP] Check Pods Manifest.lock */,
				BC96BC2E298DF8540003EDD5 /* Sources */,
				BC96BC2F298DF8540003EDD5 /* Frameworks */,
				BC96BC30298DF8540003EDD5 /* Resources */,
			);
			buildRules = (
			);
			dependencies = (
				BC96BC34298DF8540003EDD5 /* PBXTargetDependency */,
			);
			name = MyMoviesTests;
			productName = MyMoviesTests;
			productReference = BC96BC32298DF8540003EDD5 /* MyMoviesTests.xctest */;
			productType = "com.apple.product-type.bundle.unit-test";
		};
		BC96BC3B298DF8540003EDD5 /* MyMoviesUITests */ = {
			isa = PBXNativeTarget;
			buildConfigurationList = BC96BC4C298DF8540003EDD5 /* Build configuration list for PBXNativeTarget "MyMoviesUITests" */;
			buildPhases = (
				A6EC46EA65554BBE4D34F16E /* [CP] Check Pods Manifest.lock */,
				BC96BC38298DF8540003EDD5 /* Sources */,
				BC96BC39298DF8540003EDD5 /* Frameworks */,
				BC96BC3A298DF8540003EDD5 /* Resources */,
				B57D55B7F5AAA63B0EF73147 /* [CP] Embed Pods Frameworks */,
			);
			buildRules = (
			);
			dependencies = (
				BC96BC3E298DF8540003EDD5 /* PBXTargetDependency */,
			);
			name = MyMoviesUITests;
			productName = MyMoviesUITests;
			productReference = BC96BC3C298DF8540003EDD5 /* MyMoviesUITests.xctest */;
			productType = "com.apple.product-type.bundle.ui-testing";
		};
/* End PBXNativeTarget section */

/* Begin PBXProject section */
		BC96BC11298DF8530003EDD5 /* Project object */ = {
			isa = PBXProject;
			attributes = {
				BuildIndependentTargetsInParallel = 1;
				LastSwiftUpdateCheck = 1340;
				LastUpgradeCheck = 1340;
				TargetAttributes = {
					BC96BC18298DF8530003EDD5 = {
						CreatedOnToolsVersion = 13.4.1;
					};
					BC96BC31298DF8540003EDD5 = {
						CreatedOnToolsVersion = 13.4.1;
						TestTargetID = BC96BC18298DF8530003EDD5;
					};
					BC96BC3B298DF8540003EDD5 = {
						CreatedOnToolsVersion = 13.4.1;
						TestTargetID = BC96BC18298DF8530003EDD5;
					};
				};
			};
			buildConfigurationList = BC96BC14298DF8530003EDD5 /* Build configuration list for PBXProject "MyMovies" */;
			compatibilityVersion = "Xcode 13.0";
			developmentRegion = en;
			hasScannedForEncodings = 0;
			knownRegions = (
				en,
				Base,
			);
			mainGroup = BC96BC10298DF8520003EDD5;
			productRefGroup = BC96BC1A298DF8530003EDD5 /* Products */;
			projectDirPath = "";
			projectRoot = "";
			targets = (
				BC96BC18298DF8530003EDD5 /* MyMovies */,
				BC96BC31298DF8540003EDD5 /* MyMoviesTests */,
				BC96BC3B298DF8540003EDD5 /* MyMoviesUITests */,
			);
		};
/* End PBXProject section */

/* Begin PBXResourcesBuildPhase section */
		BC96BC17298DF8530003EDD5 /* Resources */ = {
			isa = PBXResourcesBuildPhase;
			buildActionMask = 2147483647;
			files = (
				BC96BC2C298DF8540003EDD5 /* LaunchScreen.storyboard in Resources */,
				BC96BC29298DF8540003EDD5 /* Assets.xcassets in Resources */,
				BC96BC24298DF8530003EDD5 /* Main.storyboard in Resources */,
			);
			runOnlyForDeploymentPostprocessing = 0;
		};
		BC96BC30298DF8540003EDD5 /* Resources */ = {
			isa = PBXResourcesBuildPhase;
			buildActionMask = 2147483647;
			files = (
			);
			runOnlyForDeploymentPostprocessing = 0;
		};
		BC96BC3A298DF8540003EDD5 /* Resources */ = {
			isa = PBXResourcesBuildPhase;
			buildActionMask = 2147483647;
			files = (
			);
			runOnlyForDeploymentPostprocessing = 0;
		};
/* End PBXResourcesBuildPhase section */

/* Begin PBXShellScriptBuildPhase section */
		197A3D97A76159B16A3B684D /* [CP] Check Pods Manifest.lock */ = {
			isa = PBXShellScriptBuildPhase;
			buildActionMask = 2147483647;
			files = (
			);
			inputFileListPaths = (
			);
			inputPaths = (
				"${PODS_PODFILE_DIR_PATH}/Podfile.lock",
				"${PODS_ROOT}/Manifest.lock",
			);
			name = "[CP] Check Pods Manifest.lock";
			outputFileListPaths = (
			);
			outputPaths = (
				"$(DERIVED_FILE_DIR)/Pods-MyMovies-checkManifestLockResult.txt",
			);
			runOnlyForDeploymentPostprocessing = 0;
			shellPath = /bin/sh;
			shellScript = "diff \"${PODS_PODFILE_DIR_PATH}/Podfile.lock\" \"${PODS_ROOT}/Manifest.lock\" > /dev/null\nif [ $? != 0 ] ; then\n    # print error to STDERR\n    echo \"error: The sandbox is not in sync with the Podfile.lock. Run 'pod install' or update your CocoaPods installation.\" >&2\n    exit 1\nfi\n# This output is used by Xcode 'outputs' to avoid re-running this script phase.\necho \"SUCCESS\" > \"${SCRIPT_OUTPUT_FILE_0}\"\n";
			showEnvVarsInLog = 0;
		};
		3E90D3B4169C74E3AFC81343 /* [CP] Embed Pods Frameworks */ = {
			isa = PBXShellScriptBuildPhase;
			buildActionMask = 2147483647;
			files = (
			);
			inputFileListPaths = (
				"${PODS_ROOT}/Target Support Files/Pods-MyMovies/Pods-MyMovies-frameworks-${CONFIGURATION}-input-files.xcfilelist",
			);
			name = "[CP] Embed Pods Frameworks";
			outputFileListPaths = (
				"${PODS_ROOT}/Target Support Files/Pods-MyMovies/Pods-MyMovies-frameworks-${CONFIGURATION}-output-files.xcfilelist",
			);
			runOnlyForDeploymentPostprocessing = 0;
			shellPath = /bin/sh;
			shellScript = "\"${PODS_ROOT}/Target Support Files/Pods-MyMovies/Pods-MyMovies-frameworks.sh\"\n";
			showEnvVarsInLog = 0;
		};
		626E9F05B50F4BB82F69E3A4 /* [CP] Check Pods Manifest.lock */ = {
			isa = PBXShellScriptBuildPhase;
			buildActionMask = 2147483647;
			files = (
			);
			inputFileListPaths = (
			);
			inputPaths = (
				"${PODS_PODFILE_DIR_PATH}/Podfile.lock",
				"${PODS_ROOT}/Manifest.lock",
			);
			name = "[CP] Check Pods Manifest.lock";
			outputFileListPaths = (
			);
			outputPaths = (
				"$(DERIVED_FILE_DIR)/Pods-MyMoviesTests-checkManifestLockResult.txt",
			);
			runOnlyForDeploymentPostprocessing = 0;
			shellPath = /bin/sh;
			shellScript = "diff \"${PODS_PODFILE_DIR_PATH}/Podfile.lock\" \"${PODS_ROOT}/Manifest.lock\" > /dev/null\nif [ $? != 0 ] ; then\n    # print error to STDERR\n    echo \"error: The sandbox is not in sync with the Podfile.lock. Run 'pod install' or update your CocoaPods installation.\" >&2\n    exit 1\nfi\n# This output is used by Xcode 'outputs' to avoid re-running this script phase.\necho \"SUCCESS\" > \"${SCRIPT_OUTPUT_FILE_0}\"\n";
			showEnvVarsInLog = 0;
		};
		A6EC46EA65554BBE4D34F16E /* [CP] Check Pods Manifest.lock */ = {
			isa = PBXShellScriptBuildPhase;
			buildActionMask = 2147483647;
			files = (
			);
			inputFileListPaths = (
			);
			inputPaths = (
				"${PODS_PODFILE_DIR_PATH}/Podfile.lock",
				"${PODS_ROOT}/Manifest.lock",
			);
			name = "[CP] Check Pods Manifest.lock";
			outputFileListPaths = (
			);
			outputPaths = (
				"$(DERIVED_FILE_DIR)/Pods-MyMovies-MyMoviesUITests-checkManifestLockResult.txt",
			);
			runOnlyForDeploymentPostprocessing = 0;
			shellPath = /bin/sh;
			shellScript = "diff \"${PODS_PODFILE_DIR_PATH}/Podfile.lock\" \"${PODS_ROOT}/Manifest.lock\" > /dev/null\nif [ $? != 0 ] ; then\n    # print error to STDERR\n    echo \"error: The sandbox is not in sync with the Podfile.lock. Run 'pod install' or update your CocoaPods installation.\" >&2\n    exit 1\nfi\n# This output is used by Xcode 'outputs' to avoid re-running this script phase.\necho \"SUCCESS\" > \"${SCRIPT_OUTPUT_FILE_0}\"\n";
			showEnvVarsInLog = 0;
		};
		B57D55B7F5AAA63B0EF73147 /* [CP] Embed Pods Frameworks */ = {
			isa = PBXShellScriptBuildPhase;
			buildActionMask = 2147483647;
			files = (
			);
			inputFileListPaths = (
				"${PODS_ROOT}/Target Support Files/Pods-MyMovies-MyMoviesUITests/Pods-MyMovies-MyMoviesUITests-frameworks-${CONFIGURATION}-input-files.xcfilelist",
			);
			name = "[CP] Embed Pods Frameworks";
			outputFileListPaths = (
				"${PODS_ROOT}/Target Support Files/Pods-MyMovies-MyMoviesUITests/Pods-MyMovies-MyMoviesUITests-frameworks-${CONFIGURATION}-output-files.xcfilelist",
			);
			runOnlyForDeploymentPostprocessing = 0;
			shellPath = /bin/sh;
			shellScript = "\"${PODS_ROOT}/Target Support Files/Pods-MyMovies-MyMoviesUITests/Pods-MyMovies-MyMoviesUITests-frameworks.sh\"\n";
			showEnvVarsInLog = 0;
		};
/* End PBXShellScriptBuildPhase section */

/* Begin PBXSourcesBuildPhase section */
		BC96BC15298DF8530003EDD5 /* Sources */ = {
			isa = PBXSourcesBuildPhase;
			buildActionMask = 2147483647;
			files = (
				BCA73B68298E426F00A5F02B /* GEMoviesSerachViewController.swift in Sources */,
				BCA73BA7298F4DEE00A5F02B /* CGMovieCollectionViewCell.swift in Sources */,
				BCA73BC32990EF6E00A5F02B /* MovieCategory+CoreDataProperties.swift in Sources */,
				BCA73B75298E65ED00A5F02B /* GENetworkDataManager.swift in Sources */,
				BCA73B6C298E4CFB00A5F02B /* GEFavoritesMoviesViewController.swift in Sources */,
				BCA73BBF2990E06E00A5F02B /* GEFavoritesMoviesViewModel.swift in Sources */,
				BC96BC5F298E00B30003EDD5 /* GENowPlayingMoviesViewController.swift in Sources */,
				BC96BC21298DF8530003EDD5 /* ViewController.swift in Sources */,
				BCA73BC22990EF6E00A5F02B /* MovieCategory+CoreDataClass.swift in Sources */,
				BCA73BB329908A2600A5F02B /* GEMovieInfoCell.swift in Sources */,
				BCA73BA0298F321A00A5F02B /* Genre+CoreDataProperties.swift in Sources */,
				BCA73BB72990956900A5F02B /* GEMovieDetailsViewModel.swift in Sources */,
				BCA73BAB298FD3E700A5F02B /* GEPopularMoviesViewModel.swift in Sources */,
				BCA73BB529908CE500A5F02B /* GEMoviePosterHeader.swift in Sources */,
				BCCDFEF52993CEED003EDE9F /* MyMoviesUtils.swift in Sources */,
				BC96BC61298E00D70003EDD5 /* GEPopularMoviesViewController.swift in Sources */,
				BCA73BBC2990DBB400A5F02B /* FavoriteMovies+CoreDataClass.swift in Sources */,
				BCA73BA9298FCF4600A5F02B /* GEMovieBaseViewModel.swift in Sources */,
				BCA73BA2298F321A00A5F02B /* Genre+CoreDataClass.swift in Sources */,
				BCA73B73298E655E00A5F02B /* GENowPlayingMoviesViewModel.swift in Sources */,
				BC96BC58298DFF670003EDD5 /* GEHomeTabBarView.swift in Sources */,
				BCA73B64298E41CE00A5F02B /* GEMovieDetailsViewController.swift in Sources */,
				BCA73BB929909B0400A5F02B /* GEMovieDetailModel.swift in Sources */,
				BCA73B61298E20B300A5F02B /* GEMoviesBaseViewController.swift in Sources */,
				BCA73B71298E62B700A5F02B /* GENetworkWorker.swift in Sources */,
				BCCDFEF22993C531003EDE9F /* GEProtocols.swift in Sources */,
				BCA73BBD2990DBB400A5F02B /* FavoriteMovies+CoreDataProperties.swift in Sources */,
				BC96BC1D298DF8530003EDD5 /* AppDelegate.swift in Sources */,
				BCA73BA3298F321A00A5F02B /* MovieDetail+CoreDataProperties.swift in Sources */,
				BCA73BA1298F321A00A5F02B /* MovieDetail+CoreDataClass.swift in Sources */,
				BCA73BA5298F321A00A5F02B /* Movie+CoreDataProperties.swift in Sources */,
				BCA73BA4298F321A00A5F02B /* Movie+CoreDataClass.swift in Sources */,
				BC96BC63298E00FB0003EDD5 /* GETopRatedMoviesViewController.swift in Sources */,
				BC96BC27298DF8530003EDD5 /* MyMovies.xcdatamodeld in Sources */,
				BCA73B7B298E818800A5F02B /* GEMovieModel.swift in Sources */,
				BCA73BAD298FD44000A5F02B /* GETopRatedMoviesViewModel.swift in Sources */,
				BCA73B79298E7FA000A5F02B /* GEGenreModel.swift in Sources */,
				BCA73B77298E7DA000A5F02B /* GEDatabaseManager.swift in Sources */,
				BC96BC65298E01200003EDD5 /* GEUpcomingMoviesViewController.swift in Sources */,
				BCA73BB1298FD98600A5F02B /* GEMoviesSerachViewModel.swift in Sources */,
				BCA73B7D298E989E00A5F02B /* GEDatabaseWorker.swift in Sources */,
				BCA73BAF298FD44C00A5F02B /* GEUpcomingMoviesViewModel.swift in Sources */,
			);
			runOnlyForDeploymentPostprocessing = 0;
		};
		BC96BC2E298DF8540003EDD5 /* Sources */ = {
			isa = PBXSourcesBuildPhase;
			buildActionMask = 2147483647;
			files = (
				BC96BC37298DF8540003EDD5 /* MyMoviesTests.swift in Sources */,
			);
			runOnlyForDeploymentPostprocessing = 0;
		};
		BC96BC38298DF8540003EDD5 /* Sources */ = {
			isa = PBXSourcesBuildPhase;
			buildActionMask = 2147483647;
			files = (
				BC96BC43298DF8540003EDD5 /* MyMoviesUITestsLaunchTests.swift in Sources */,
				BC96BC41298DF8540003EDD5 /* MyMoviesUITests.swift in Sources */,
			);
			runOnlyForDeploymentPostprocessing = 0;
		};
/* End PBXSourcesBuildPhase section */

/* Begin PBXTargetDependency section */
		BC96BC34298DF8540003EDD5 /* PBXTargetDependency */ = {
			isa = PBXTargetDependency;
			target = BC96BC18298DF8530003EDD5 /* MyMovies */;
			targetProxy = BC96BC33298DF8540003EDD5 /* PBXContainerItemProxy */;
		};
		BC96BC3E298DF8540003EDD5 /* PBXTargetDependency */ = {
			isa = PBXTargetDependency;
			target = BC96BC18298DF8530003EDD5 /* MyMovies */;
			targetProxy = BC96BC3D298DF8540003EDD5 /* PBXContainerItemProxy */;
		};
/* End PBXTargetDependency section */

/* Begin PBXVariantGroup section */
		BC96BC22298DF8530003EDD5 /* Main.storyboard */ = {
			isa = PBXVariantGroup;
			children = (
				BC96BC23298DF8530003EDD5 /* Base */,
			);
			name = Main.storyboard;
			sourceTree = "<group>";
		};
		BC96BC2A298DF8540003EDD5 /* LaunchScreen.storyboard */ = {
			isa = PBXVariantGroup;
			children = (
				BC96BC2B298DF8540003EDD5 /* Base */,
			);
			name = LaunchScreen.storyboard;
			sourceTree = "<group>";
		};
/* End PBXVariantGroup section */

/* Begin XCBuildConfiguration section */
		BC96BC44298DF8540003EDD5 /* Debug */ = {
			isa = XCBuildConfiguration;
			buildSettings = {
				ALWAYS_SEARCH_USER_PATHS = NO;
				CLANG_ANALYZER_NONNULL = YES;
				CLANG_ANALYZER_NUMBER_OBJECT_CONVERSION = YES_AGGRESSIVE;
				CLANG_CXX_LANGUAGE_STANDARD = "gnu++17";
				CLANG_ENABLE_MODULES = YES;
				CLANG_ENABLE_OBJC_ARC = YES;
				CLANG_ENABLE_OBJC_WEAK = YES;
				CLANG_WARN_BLOCK_CAPTURE_AUTORELEASING = YES;
				CLANG_WARN_BOOL_CONVERSION = YES;
				CLANG_WARN_COMMA = YES;
				CLANG_WARN_CONSTANT_CONVERSION = YES;
				CLANG_WARN_DEPRECATED_OBJC_IMPLEMENTATIONS = YES;
				CLANG_WARN_DIRECT_OBJC_ISA_USAGE = YES_ERROR;
				CLANG_WARN_DOCUMENTATION_COMMENTS = YES;
				CLANG_WARN_EMPTY_BODY = YES;
				CLANG_WARN_ENUM_CONVERSION = YES;
				CLANG_WARN_INFINITE_RECURSION = YES;
				CLANG_WARN_INT_CONVERSION = YES;
				CLANG_WARN_NON_LITERAL_NULL_CONVERSION = YES;
				CLANG_WARN_OBJC_IMPLICIT_RETAIN_SELF = YES;
				CLANG_WARN_OBJC_LITERAL_CONVERSION = YES;
				CLANG_WARN_OBJC_ROOT_CLASS = YES_ERROR;
				CLANG_WARN_QUOTED_INCLUDE_IN_FRAMEWORK_HEADER = YES;
				CLANG_WARN_RANGE_LOOP_ANALYSIS = YES;
				CLANG_WARN_STRICT_PROTOTYPES = YES;
				CLANG_WARN_SUSPICIOUS_MOVE = YES;
				CLANG_WARN_UNGUARDED_AVAILABILITY = YES_AGGRESSIVE;
				CLANG_WARN_UNREACHABLE_CODE = YES;
				CLANG_WARN__DUPLICATE_METHOD_MATCH = YES;
				COPY_PHASE_STRIP = NO;
				DEBUG_INFORMATION_FORMAT = dwarf;
				ENABLE_STRICT_OBJC_MSGSEND = YES;
				ENABLE_TESTABILITY = YES;
				GCC_C_LANGUAGE_STANDARD = gnu11;
				GCC_DYNAMIC_NO_PIC = NO;
				GCC_NO_COMMON_BLOCKS = YES;
				GCC_OPTIMIZATION_LEVEL = 0;
				GCC_PREPROCESSOR_DEFINITIONS = (
					"DEBUG=1",
					"$(inherited)",
				);
				GCC_WARN_64_TO_32_BIT_CONVERSION = YES;
				GCC_WARN_ABOUT_RETURN_TYPE = YES_ERROR;
				GCC_WARN_UNDECLARED_SELECTOR = YES;
				GCC_WARN_UNINITIALIZED_AUTOS = YES_AGGRESSIVE;
				GCC_WARN_UNUSED_FUNCTION = YES;
				GCC_WARN_UNUSED_VARIABLE = YES;
				IPHONEOS_DEPLOYMENT_TARGET = 15.5;
				MTL_ENABLE_DEBUG_INFO = INCLUDE_SOURCE;
				MTL_FAST_MATH = YES;
				ONLY_ACTIVE_ARCH = YES;
				SDKROOT = iphoneos;
				SWIFT_ACTIVE_COMPILATION_CONDITIONS = DEBUG;
				SWIFT_OPTIMIZATION_LEVEL = "-Onone";
			};
			name = Debug;
		};
		BC96BC45298DF8540003EDD5 /* Release */ = {
			isa = XCBuildConfiguration;
			buildSettings = {
				ALWAYS_SEARCH_USER_PATHS = NO;
				CLANG_ANALYZER_NONNULL = YES;
				CLANG_ANALYZER_NUMBER_OBJECT_CONVERSION = YES_AGGRESSIVE;
				CLANG_CXX_LANGUAGE_STANDARD = "gnu++17";
				CLANG_ENABLE_MODULES = YES;
				CLANG_ENABLE_OBJC_ARC = YES;
				CLANG_ENABLE_OBJC_WEAK = YES;
				CLANG_WARN_BLOCK_CAPTURE_AUTORELEASING = YES;
				CLANG_WARN_BOOL_CONVERSION = YES;
				CLANG_WARN_COMMA = YES;
				CLANG_WARN_CONSTANT_CONVERSION = YES;
				CLANG_WARN_DEPRECATED_OBJC_IMPLEMENTATIONS = YES;
				CLANG_WARN_DIRECT_OBJC_ISA_USAGE = YES_ERROR;
				CLANG_WARN_DOCUMENTATION_COMMENTS = YES;
				CLANG_WARN_EMPTY_BODY = YES;
				CLANG_WARN_ENUM_CONVERSION = YES;
				CLANG_WARN_INFINITE_RECURSION = YES;
				CLANG_WARN_INT_CONVERSION = YES;
				CLANG_WARN_NON_LITERAL_NULL_CONVERSION = YES;
				CLANG_WARN_OBJC_IMPLICIT_RETAIN_SELF = YES;
				CLANG_WARN_OBJC_LITERAL_CONVERSION = YES;
				CLANG_WARN_OBJC_ROOT_CLASS = YES_ERROR;
				CLANG_WARN_QUOTED_INCLUDE_IN_FRAMEWORK_HEADER = YES;
				CLANG_WARN_RANGE_LOOP_ANALYSIS = YES;
				CLANG_WARN_STRICT_PROTOTYPES = YES;
				CLANG_WARN_SUSPICIOUS_MOVE = YES;
				CLANG_WARN_UNGUARDED_AVAILABILITY = YES_AGGRESSIVE;
				CLANG_WARN_UNREACHABLE_CODE = YES;
				CLANG_WARN__DUPLICATE_METHOD_MATCH = YES;
				COPY_PHASE_STRIP = NO;
				DEBUG_INFORMATION_FORMAT = "dwarf-with-dsym";
				ENABLE_NS_ASSERTIONS = NO;
				ENABLE_STRICT_OBJC_MSGSEND = YES;
				GCC_C_LANGUAGE_STANDARD = gnu11;
				GCC_NO_COMMON_BLOCKS = YES;
				GCC_WARN_64_TO_32_BIT_CONVERSION = YES;
				GCC_WARN_ABOUT_RETURN_TYPE = YES_ERROR;
				GCC_WARN_UNDECLARED_SELECTOR = YES;
				GCC_WARN_UNINITIALIZED_AUTOS = YES_AGGRESSIVE;
				GCC_WARN_UNUSED_FUNCTION = YES;
				GCC_WARN_UNUSED_VARIABLE = YES;
				IPHONEOS_DEPLOYMENT_TARGET = 15.5;
				MTL_ENABLE_DEBUG_INFO = NO;
				MTL_FAST_MATH = YES;
				SDKROOT = iphoneos;
				SWIFT_COMPILATION_MODE = wholemodule;
				SWIFT_OPTIMIZATION_LEVEL = "-O";
				VALIDATE_PRODUCT = YES;
			};
			name = Release;
		};
		BC96BC47298DF8540003EDD5 /* Debug */ = {
			isa = XCBuildConfiguration;
			baseConfigurationReference = D4C2CB22DB0BA2A34E9318AC /* Pods-MyMovies.debug.xcconfig */;
			buildSettings = {
				ASSETCATALOG_COMPILER_APPICON_NAME = AppIcon;
				ASSETCATALOG_COMPILER_GLOBAL_ACCENT_COLOR_NAME = AccentColor;
				CODE_SIGN_STYLE = Automatic;
				CURRENT_PROJECT_VERSION = 1;
				GENERATE_INFOPLIST_FILE = YES;
				INFOPLIST_FILE = MyMovies/Info.plist;
				INFOPLIST_KEY_UIApplicationSupportsIndirectInputEvents = YES;
				INFOPLIST_KEY_UILaunchStoryboardName = LaunchScreen;
				INFOPLIST_KEY_UIMainStoryboardFile = Main;
				INFOPLIST_KEY_UISupportedInterfaceOrientations = "UIInterfaceOrientationPortrait UIInterfaceOrientationPortraitUpsideDown UIInterfaceOrientationLandscapeLeft UIInterfaceOrientationLandscapeRight";
				INFOPLIST_KEY_UISupportedInterfaceOrientations_iPad = "UIInterfaceOrientationPortrait UIInterfaceOrientationPortraitUpsideDown UIInterfaceOrientationLandscapeLeft UIInterfaceOrientationLandscapeRight";
				INFOPLIST_KEY_UISupportedInterfaceOrientations_iPhone = "UIInterfaceOrientationPortrait UIInterfaceOrientationLandscapeLeft UIInterfaceOrientationLandscapeRight";
				IPHONEOS_DEPLOYMENT_TARGET = 13.0;
				LD_RUNPATH_SEARCH_PATHS = (
					"$(inherited)",
					"@executable_path/Frameworks",
				);
				MARKETING_VERSION = 1.0;
				PRODUCT_BUNDLE_IDENTIFIER = com.MyMovies;
				PRODUCT_NAME = "$(TARGET_NAME)";
				SWIFT_EMIT_LOC_STRINGS = YES;
				SWIFT_VERSION = 5.0;
				TARGETED_DEVICE_FAMILY = 1;
			};
			name = Debug;
		};
		BC96BC48298DF8540003EDD5 /* Release */ = {
			isa = XCBuildConfiguration;
			baseConfigurationReference = A3D36E20949ABE440CAB2ECC /* Pods-MyMovies.release.xcconfig */;
			buildSettings = {
				ASSETCATALOG_COMPILER_APPICON_NAME = AppIcon;
				ASSETCATALOG_COMPILER_GLOBAL_ACCENT_COLOR_NAME = AccentColor;
				CODE_SIGN_STYLE = Automatic;
				CURRENT_PROJECT_VERSION = 1;
				GENERATE_INFOPLIST_FILE = YES;
				INFOPLIST_FILE = MyMovies/Info.plist;
				INFOPLIST_KEY_UIApplicationSupportsIndirectInputEvents = YES;
				INFOPLIST_KEY_UILaunchStoryboardName = LaunchScreen;
				INFOPLIST_KEY_UIMainStoryboardFile = Main;
				INFOPLIST_KEY_UISupportedInterfaceOrientations = "UIInterfaceOrientationPortrait UIInterfaceOrientationPortraitUpsideDown UIInterfaceOrientationLandscapeLeft UIInterfaceOrientationLandscapeRight";
				INFOPLIST_KEY_UISupportedInterfaceOrientations_iPad = "UIInterfaceOrientationPortrait UIInterfaceOrientationPortraitUpsideDown UIInterfaceOrientationLandscapeLeft UIInterfaceOrientationLandscapeRight";
				INFOPLIST_KEY_UISupportedInterfaceOrientations_iPhone = "UIInterfaceOrientationPortrait UIInterfaceOrientationLandscapeLeft UIInterfaceOrientationLandscapeRight";
				IPHONEOS_DEPLOYMENT_TARGET = 13.0;
				LD_RUNPATH_SEARCH_PATHS = (
					"$(inherited)",
					"@executable_path/Frameworks",
				);
				MARKETING_VERSION = 1.0;
				PRODUCT_BUNDLE_IDENTIFIER = com.MyMovies;
				PRODUCT_NAME = "$(TARGET_NAME)";
				SWIFT_EMIT_LOC_STRINGS = YES;
				SWIFT_VERSION = 5.0;
				TARGETED_DEVICE_FAMILY = 1;
			};
			name = Release;
		};
		BC96BC4A298DF8540003EDD5 /* Debug */ = {
			isa = XCBuildConfiguration;
			baseConfigurationReference = 601988B7C34142F92048835E /* Pods-MyMoviesTests.debug.xcconfig */;
			buildSettings = {
				ALWAYS_EMBED_SWIFT_STANDARD_LIBRARIES = YES;
				BUNDLE_LOADER = "$(TEST_HOST)";
				CODE_SIGN_STYLE = Automatic;
				CURRENT_PROJECT_VERSION = 1;
				GENERATE_INFOPLIST_FILE = YES;
				IPHONEOS_DEPLOYMENT_TARGET = 15.5;
				MARKETING_VERSION = 1.0;
				PRODUCT_BUNDLE_IDENTIFIER = com..MyMoviesTests;
				PRODUCT_NAME = "$(TARGET_NAME)";
				SWIFT_EMIT_LOC_STRINGS = NO;
				SWIFT_VERSION = 5.0;
				TARGETED_DEVICE_FAMILY = "1,2";
				TEST_HOST = "$(BUILT_PRODUCTS_DIR)/MyMovies.app/MyMovies";
			};
			name = Debug;
		};
		BC96BC4B298DF8540003EDD5 /* Release */ = {
			isa = XCBuildConfiguration;
			baseConfigurationReference = 187A1F05CD6758A31E51D40D /* Pods-MyMoviesTests.release.xcconfig */;
			buildSettings = {
				ALWAYS_EMBED_SWIFT_STANDARD_LIBRARIES = YES;
				BUNDLE_LOADER = "$(TEST_HOST)";
				CODE_SIGN_STYLE = Automatic;
				CURRENT_PROJECT_VERSION = 1;
				GENERATE_INFOPLIST_FILE = YES;
				IPHONEOS_DEPLOYMENT_TARGET = 15.5;
				MARKETING_VERSION = 1.0;
				PRODUCT_BUNDLE_IDENTIFIER = com..MyMoviesTests;
				PRODUCT_NAME = "$(TARGET_NAME)";
				SWIFT_EMIT_LOC_STRINGS = NO;
				SWIFT_VERSION = 5.0;
				TARGETED_DEVICE_FAMILY = "1,2";
				TEST_HOST = "$(BUILT_PRODUCTS_DIR)/MyMovies.app/MyMovies";
			};
			name = Release;
		};
		BC96BC4D298DF8540003EDD5 /* Debug */ = {
			isa = XCBuildConfiguration;
			baseConfigurationReference = AEE634D42AB912032E86A73E /* Pods-MyMovies-MyMoviesUITests.debug.xcconfig */;
			buildSettings = {
				ALWAYS_EMBED_SWIFT_STANDARD_LIBRARIES = YES;
				CODE_SIGN_STYLE = Automatic;
				CURRENT_PROJECT_VERSION = 1;
				GENERATE_INFOPLIST_FILE = YES;
				MARKETING_VERSION = 1.0;
				PRODUCT_BUNDLE_IDENTIFIER = com..MyMoviesUITests;
				PRODUCT_NAME = "$(TARGET_NAME)";
				SWIFT_EMIT_LOC_STRINGS = NO;
				SWIFT_VERSION = 5.0;
				TARGETED_DEVICE_FAMILY = "1,2";
				TEST_TARGET_NAME = MyMovies;
			};
			name = Debug;
		};
		BC96BC4E298DF8540003EDD5 /* Release */ = {
			isa = XCBuildConfiguration;
			baseConfigurationReference = BD75B34E4581D07A0F481E90 /* Pods-MyMovies-MyMoviesUITests.release.xcconfig */;
			buildSettings = {
				ALWAYS_EMBED_SWIFT_STANDARD_LIBRARIES = YES;
				CODE_SIGN_STYLE = Automatic;
				CURRENT_PROJECT_VERSION = 1;
				GENERATE_INFOPLIST_FILE = YES;
				MARKETING_VERSION = 1.0;
				PRODUCT_BUNDLE_IDENTIFIER = com..MyMoviesUITests;
				PRODUCT_NAME = "$(TARGET_NAME)";
				SWIFT_EMIT_LOC_STRINGS = NO;
				SWIFT_VERSION = 5.0;
				TARGETED_DEVICE_FAMILY = "1,2";
				TEST_TARGET_NAME = MyMovies;
			};
			name = Release;
		};
/* End XCBuildConfiguration section */

/* Begin XCConfigurationList section */
		BC96BC14298DF8530003EDD5 /* Build configuration list for PBXProject "MyMovies" */ = {
			isa = XCConfigurationList;
			buildConfigurations = (
				BC96BC44298DF8540003EDD5 /* Debug */,
				BC96BC45298DF8540003EDD5 /* Release */,
			);
			defaultConfigurationIsVisible = 0;
			defaultConfigurationName = Release;
		};
		BC96BC46298DF8540003EDD5 /* Build configuration list for PBXNativeTarget "MyMovies" */ = {
			isa = XCConfigurationList;
			buildConfigurations = (
				BC96BC47298DF8540003EDD5 /* Debug */,
				BC96BC48298DF8540003EDD5 /* Release */,
			);
			defaultConfigurationIsVisible = 0;
			defaultConfigurationName = Release;
		};
		BC96BC49298DF8540003EDD5 /* Build configuration list for PBXNativeTarget "MyMoviesTests" */ = {
			isa = XCConfigurationList;
			buildConfigurations = (
				BC96BC4A298DF8540003EDD5 /* Debug */,
				BC96BC4B298DF8540003EDD5 /* Release */,
			);
			defaultConfigurationIsVisible = 0;
			defaultConfigurationName = Release;
		};
		BC96BC4C298DF8540003EDD5 /* Build configuration list for PBXNativeTarget "MyMoviesUITests" */ = {
			isa = XCConfigurationList;
			buildConfigurations = (
				BC96BC4D298DF8540003EDD5 /* Debug */,
				BC96BC4E298DF8540003EDD5 /* Release */,
			);
			defaultConfigurationIsVisible = 0;
			defaultConfigurationName = Release;
		};
/* End XCConfigurationList section */

/* Begin XCVersionGroup section */
		BC96BC25298DF8530003EDD5 /* MyMovies.xcdatamodeld */ = {
			isa = XCVersionGroup;
			children = (
				BC96BC26298DF8530003EDD5 /* MyMovies.xcdatamodel */,
			);
			currentVersion = BC96BC26298DF8530003EDD5 /* MyMovies.xcdatamodel */;
			path = MyMovies.xcdatamodeld;
			sourceTree = "<group>";
			versionGroupType = wrapper.xcdatamodel;
		};
/* End XCVersionGroup section */
	};
	rootObject = BC96BC11298DF8530003EDD5 /* Project object */;
}
